<Solution>
  <Project Path="Aufgabe-TV/Aufgabe-TV.csproj" Id="37831232-94dc-4f66-b333-77ae614c3335" />
  <Project Path="Bank-Account/Bank-Account.csproj" Id="d35f5dbc-0d75-4c6d-95a1-845f80c0ad5c" />
  <Project Path="Binärzahlen-dozent/Binärzahlen-dozent.csproj" Id="2d26238f-28e3-4f06-88a5-7d30fe0e82eb" />
  <Project Path="dozent-code/dozent-code.csproj" Id="0ab5d04b-dc33-481d-aa03-db7e7e022c4f" />
  <Project Path="FirstProject/FirstProject.csproj" />
  <Project Path="lottozahlen-dozent/lottozahlen-dozent.csproj" Id="c3c40109-6578-487c-a784-ea4e2f858afd" />
  <Project Path="Mittelwert-dozent/Mittelwert-dozent.csproj" Id="2b93762c-3cff-44df-a1f5-41d7d0e5e3ee" />
  <Project Path="TVApi/TVApi.csproj" Id="0478e814-db91-429a-9310-9ffab3681236" />
</Solution>
